
Microsoft Visual Studio Solution File, Format Version 12.00
# Visual Studio Version 16
VisualStudioVersion = 16.0.30413.136
MinimumVisualStudioVersion = 10.0.40219.1
Project("{9A19103F-16F7-4668-BE54-9A1E7A4F7556}") = "ReportLib", "ReportLib\ReportLib.csproj", "{5EAD8E99-B452-4345-96E6-7F8CB088810F}"
EndProject
Project("{9A19103F-16F7-4668-BE54-9A1E7A4F7556}") = "ReportTestProject", "ReportTestProject\ReportTestProject.csproj", "{30415424-31AD-4E8E-B22F-E4F319A48CDE}"
EndProject
Project("{2150E333-8FDC-42A3-9474-1A3956D46DE8}") = "Solution Items", "Solution Items", "{BAD26A23-034F-4C84-A4CC-E4742B9EF354}"
EndProject
Project("{FAE04EC0-301F-11D3-BF4B-00C04F79EFBC}") = "ReportAPI", "ReportAPI\ReportAPI.csproj", "{3D8BA4C3-0B9C-4ED9-8D7A-C780F97EF37B}"
EndProject
Global
	GlobalSection(SolutionConfigurationPlatforms) = preSolution
		Debug|Any CPU = Debug|Any CPU
		Release|Any CPU = Release|Any CPU
	EndGlobalSection
	GlobalSection(ProjectConfigurationPlatforms) = postSolution
		{5EAD8E99-B452-4345-96E6-7F8CB088810F}.Debug|Any CPU.ActiveCfg = Debug|Any CPU
		{5EAD8E99-B452-4345-96E6-7F8CB088810F}.Debug|Any CPU.Build.0 = Debug|Any CPU
		{5EAD8E99-B452-4345-96E6-7F8CB088810F}.Release|Any CPU.ActiveCfg = Release|Any CPU
		{5EAD8E99-B452-4345-96E6-7F8CB088810F}.Release|Any CPU.Build.0 = Release|Any CPU
		{30415424-31AD-4E8E-B22F-E4F319A48CDE}.Debug|Any CPU.ActiveCfg = Debug|Any CPU
		{30415424-31AD-4E8E-B22F-E4F319A48CDE}.Debug|Any CPU.Build.0 = Debug|Any CPU
		{30415424-31AD-4E8E-B22F-E4F319A48CDE}.Release|Any CPU.ActiveCfg = Release|Any CPU
		{30415424-31AD-4E8E-B22F-E4F319A48CDE}.Release|Any CPU.Build.0 = Release|Any CPU
		{3D8BA4C3-0B9C-4ED9-8D7A-C780F97EF37B}.Debug|Any CPU.ActiveCfg = Debug|Any CPU
		{3D8BA4C3-0B9C-4ED9-8D7A-C780F97EF37B}.Debug|Any CPU.Build.0 = Debug|Any CPU
		{3D8BA4C3-0B9C-4ED9-8D7A-C780F97EF37B}.Release|Any CPU.ActiveCfg = Release|Any CPU
		{3D8BA4C3-0B9C-4ED9-8D7A-C780F97EF37B}.Release|Any CPU.Build.0 = Release|Any CPU
	EndGlobalSection
	GlobalSection(SolutionProperties) = preSolution
		HideSolutionNode = FALSE
	EndGlobalSection
	GlobalSection(ExtensibilityGlobals) = postSolution
		SolutionGuid = {AA74FE42-5293-4360-865A-0CAAFC79CF5D}
	EndGlobalSection
EndGlobal
